
Microsoft Visual Studio Solution File, Format Version 12.00
# Visual Studio Version 17
VisualStudioVersion = 17.14.36221.1 d17.14
MinimumVisualStudioVersion = 10.0.40219.1
Project("{FAE04EC0-301F-11D3-BF4B-00C04F79EFBC}") = "WildBir", "WildBir\WildBir.csproj", "{516C49B1-073B-46A6-85DD-A4A1EDAE243A}"
EndProject
Project("{FAE04EC0-301F-11D3-BF4B-00C04F79EFBC}") = "DataBase", "DataBase\DataBase.csproj", "{2916A2CA-614A-47A6-80B1-91218D51D77D}"
EndProject
Global
	GlobalSection(SolutionConfigurationPlatforms) = preSolution
		Debug|Any CPU = Debug|Any CPU
		Release|Any CPU = Release|Any CPU
	EndGlobalSection
	GlobalSection(ProjectConfigurationPlatforms) = postSolution
		{516C49B1-073B-46A6-85DD-A4A1EDAE243A}.Debug|Any CPU.ActiveCfg = Debug|Any CPU
		{516C49B1-073B-46A6-85DD-A4A1EDAE243A}.Debug|Any CPU.Build.0 = Debug|Any CPU
		{516C49B1-073B-46A6-85DD-A4A1EDAE243A}.Release|Any CPU.ActiveCfg = Release|Any CPU
		{516C49B1-073B-46A6-85DD-A4A1EDAE243A}.Release|Any CPU.Build.0 = Release|Any CPU
		{2916A2CA-614A-47A6-80B1-91218D51D77D}.Debug|Any CPU.ActiveCfg = Debug|Any CPU
		{2916A2CA-614A-47A6-80B1-91218D51D77D}.Debug|Any CPU.Build.0 = Debug|Any CPU
		{2916A2CA-614A-47A6-80B1-91218D51D77D}.Release|Any CPU.ActiveCfg = Release|Any CPU
		{2916A2CA-614A-47A6-80B1-91218D51D77D}.Release|Any CPU.Build.0 = Release|Any CPU
	EndGlobalSection
	GlobalSection(SolutionProperties) = preSolution
		HideSolutionNode = FALSE
	EndGlobalSection
	GlobalSection(ExtensibilityGlobals) = postSolution
		SolutionGuid = {24419586-D9ED-4749-AB7D-D609F4DFC378}
	EndGlobalSection
EndGlobal
